
Microsoft Visual Studio Solution File, Format Version 12.00
# Visual Studio Version 17
VisualStudioVersion = 17.13.35818.85
MinimumVisualStudioVersion = 10.0.40219.1
Project("{FAE04EC0-301F-11D3-BF4B-00C04F79EFBC}") = "ChessLogic", "ClassLogic\ChessLogic.csproj", "{057B0EC8-1712-4314-9521-B9D87A1882A2}"
EndProject
Project("{FAE04EC0-301F-11D3-BF4B-00C04F79EFBC}") = "ChessUI", "ChessUI\ChessUI.csproj", "{285D0903-8AE1-4E67-A195-9D6AEEF7E595}"
EndProject
Global
	GlobalSection(SolutionConfigurationPlatforms) = preSolution
		Debug|Any CPU = Debug|Any CPU
		Release|Any CPU = Release|Any CPU
	EndGlobalSection
	GlobalSection(ProjectConfigurationPlatforms) = postSolution
		{057B0EC8-1712-4314-9521-B9D87A1882A2}.Debug|Any CPU.ActiveCfg = Debug|Any CPU
		{057B0EC8-1712-4314-9521-B9D87A1882A2}.Debug|Any CPU.Build.0 = Debug|Any CPU
		{057B0EC8-1712-4314-9521-B9D87A1882A2}.Release|Any CPU.ActiveCfg = Release|Any CPU
		{057B0EC8-1712-4314-9521-B9D87A1882A2}.Release|Any CPU.Build.0 = Release|Any CPU
		{285D0903-8AE1-4E67-A195-9D6AEEF7E595}.Debug|Any CPU.ActiveCfg = Debug|Any CPU
		{285D0903-8AE1-4E67-A195-9D6AEEF7E595}.Debug|Any CPU.Build.0 = Debug|Any CPU
		{285D0903-8AE1-4E67-A195-9D6AEEF7E595}.Release|Any CPU.ActiveCfg = Release|Any CPU
		{285D0903-8AE1-4E67-A195-9D6AEEF7E595}.Release|Any CPU.Build.0 = Release|Any CPU
	EndGlobalSection
	GlobalSection(SolutionProperties) = preSolution
		HideSolutionNode = FALSE
	EndGlobalSection
	GlobalSection(ExtensibilityGlobals) = postSolution
		SolutionGuid = {53170C31-434A-4963-B7CD-56FDA26A1E4C}
	EndGlobalSection
EndGlobal
